
Microsoft Visual Studio Solution File, Format Version 12.00
# Visual Studio Version 16
VisualStudioVersion = 16.0.29326.143
MinimumVisualStudioVersion = 10.0.40219.1
Project("{FAE04EC0-301F-11D3-BF4B-00C04F79EFBC}") = "HellloWorld", "HellloWorld\HellloWorld.csproj", "{8CC2F3F8-0994-4712-8235-898AEC2283D6}"
EndProject
Project("{FAE04EC0-301F-11D3-BF4B-00C04F79EFBC}") = "TypeCasting", "TypeCasting\TypeCasting.csproj", "{5C2FF422-AE4E-4507-8007-D863EDB81033}"
EndProject
Project("{FAE04EC0-301F-11D3-BF4B-00C04F79EFBC}") = "enumsProg", "enumsProg\enumsProg.csproj", "{7208D405-6447-47CE-9346-9A0204004013}"
EndProject
Project("{FAE04EC0-301F-11D3-BF4B-00C04F79EFBC}") = "ArrayProg", "ArrayProg\ArrayProg.csproj", "{B01A4176-2734-4486-9EE8-90D7B3A359C2}"
EndProject
Project("{FAE04EC0-301F-11D3-BF4B-00C04F79EFBC}") = "ConsoleCalculator", "ConsoleCalculator\ConsoleCalculator.csproj", "{0CD2D89C-B7AF-4E0F-BB09-D92DB03CF1C4}"
EndProject
Project("{FAE04EC0-301F-11D3-BF4B-00C04F79EFBC}") = "DelegateLab", "DelegateLab\DelegateLab.csproj", "{0050A0EB-274F-49C7-851B-EE524D4CA7F4}"
EndProject
Project("{FAE04EC0-301F-11D3-BF4B-00C04F79EFBC}") = "ProgramingExample", "ProgramingExample\ProgramingExample.csproj", "{7BBB23B5-B2A4-40E1-A5B7-1C77E669157F}"
EndProject
Project("{FAE04EC0-301F-11D3-BF4B-00C04F79EFBC}") = "CircleArea", "CircleArea\CircleArea.csproj", "{48B6741B-0A75-4936-89A0-7E814352D791}"
EndProject
Project("{FAE04EC0-301F-11D3-BF4B-00C04F79EFBC}") = "IndexerLab1", "IndexerLab1\IndexerLab1.csproj", "{46FAD23E-E5C1-448E-B8B8-5DC57A7263F3}"
EndProject
Project("{FAE04EC0-301F-11D3-BF4B-00C04F79EFBC}") = "AccountsLab", "AccountsLab\AccountsLab.csproj", "{A479F9CA-7A19-43A4-9A06-89F7884CF010}"
EndProject
Project("{FAE04EC0-301F-11D3-BF4B-00C04F79EFBC}") = "PalindromeExample", "PalindromeExample\PalindromeExample.csproj", "{94DB7220-1A6D-417C-85C6-3EDA38EDC588}"
EndProject
Project("{FAE04EC0-301F-11D3-BF4B-00C04F79EFBC}") = "InheritanceLab", "InheritanceLab\InheritanceLab.csproj", "{55CFBD06-1644-4DDF-82FD-55DED6B07597}"
EndProject
Project("{FAE04EC0-301F-11D3-BF4B-00C04F79EFBC}") = "ComplexNoLab", "ComplexNoLab\ComplexNoLab.csproj", "{712A2001-7279-46E4-8685-F20CFEB47D11}"
EndProject
Project("{FAE04EC0-301F-11D3-BF4B-00C04F79EFBC}") = "PersonLab", "PersonLab\PersonLab.csproj", "{5B16509B-F8C7-47BA-A4A4-6D35B4E7BC9B}"
EndProject
Project("{FAE04EC0-301F-11D3-BF4B-00C04F79EFBC}") = "ReverseNumber", "ReverseNumber\ReverseNumber.csproj", "{D2720D5C-74EE-47FC-B5EE-63843A893EDA}"
EndProject
Project("{FAE04EC0-301F-11D3-BF4B-00C04F79EFBC}") = "EnumWeekDaya", "EnumWeekDaya\EnumWeekDaya.csproj", "{0E333A37-E799-4206-93C7-DE79D846ACFE}"
EndProject
Project("{FAE04EC0-301F-11D3-BF4B-00C04F79EFBC}") = "FibonacciSeries", "FibonacciSeries\FibonacciSeries.csproj", "{5366A399-7DB8-4F08-B3BF-FDECEDCD8A80}"
EndProject
Project("{FAE04EC0-301F-11D3-BF4B-00C04F79EFBC}") = "PrimeNumbers", "PrimeNumbers\PrimeNumbers.csproj", "{8F257DA8-3B05-4141-A23D-D4BA9D10D867}"
EndProject
Project("{FAE04EC0-301F-11D3-BF4B-00C04F79EFBC}") = "WebApplication1", "WebApplication1\WebApplication1.csproj", "{20327FDB-D6C8-4FEF-80AA-BEDC998CD268}"
EndProject
Project("{FAE04EC0-301F-11D3-BF4B-00C04F79EFBC}") = "PartialType", "PartialType\PartialType.csproj", "{A112F93F-4D2C-45F0-9985-8BFF86FC5453}"
EndProject
Project("{FAE04EC0-301F-11D3-BF4B-00C04F79EFBC}") = "NullableType", "NullableType\NullableType.csproj", "{0C975B7B-3580-42EA-B140-4C43F5409454}"
EndProject
Project("{FAE04EC0-301F-11D3-BF4B-00C04F79EFBC}") = "IteratorLab", "IteratorLab\IteratorLab.csproj", "{05F6728D-9B84-45E5-B2FB-D7842DA0DD20}"
EndProject
Project("{FAE04EC0-301F-11D3-BF4B-00C04F79EFBC}") = "GenericLab", "GenericLab\GenericLab.csproj", "{4B65895F-2CE8-4994-BBBB-2C0370E9D6A2}"
EndProject
Project("{FAE04EC0-301F-11D3-BF4B-00C04F79EFBC}") = "AnonymousMethod", "AnonymousMethod\AnonymousMethod.csproj", "{D4D3FD4F-D416-421F-AA08-550D024F7B59}"
EndProject
Project("{FAE04EC0-301F-11D3-BF4B-00C04F79EFBC}") = "ExceptionHandling", "ExceptionHandling\ExceptionHandling.csproj", "{4F9DE355-5600-481B-A6D6-A1072E5F8B54}"
EndProject
Project("{FAE04EC0-301F-11D3-BF4B-00C04F79EFBC}") = "MultiCastDelegate", "MultiCastDelegate\MultiCastDelegate.csproj", "{C33C950D-157B-4F16-80D8-D4582A74BF5B}"
EndProject
Project("{FAE04EC0-301F-11D3-BF4B-00C04F79EFBC}") = "EventLab", "EventLab\EventLab.csproj", "{2D7DE0A9-D73B-465E-9457-F40E7F6ABDA4}"
EndProject
Project("{FAE04EC0-301F-11D3-BF4B-00C04F79EFBC}") = "ArrayListLab", "ArrayList\ArrayListLab.csproj", "{8F706F98-527A-43EA-81EC-CE7ADB31C4AB}"
EndProject
Project("{FAE04EC0-301F-11D3-BF4B-00C04F79EFBC}") = "StackLab", "StackLab\StackLab.csproj", "{E1BC6EE5-744D-4AE4-91FF-DB5B2861087F}"
EndProject
Project("{FAE04EC0-301F-11D3-BF4B-00C04F79EFBC}") = "QueueLab", "QueueLab\QueueLab.csproj", "{A561B1EA-C14C-40DB-B53C-EE16BA11C68F}"
EndProject
Project("{FAE04EC0-301F-11D3-BF4B-00C04F79EFBC}") = "HashTableLab", "HashTableLab\HashTableLab.csproj", "{E03A54D1-11DD-4E9C-8879-0FCFDD4BD6E5}"
EndProject
Project("{FAE04EC0-301F-11D3-BF4B-00C04F79EFBC}") = "UserHashTable", "UserHashTable\UserHashTable.csproj", "{12C3846F-9110-4B73-8BB8-6838ED3CCC7B}"
EndProject
Project("{FAE04EC0-301F-11D3-BF4B-00C04F79EFBC}") = "GenericListLab", "GenericListLab\GenericListLab.csproj", "{03912C8C-07B0-4C98-8D69-C65BFA4F0DF2}"
EndProject
Project("{FAE04EC0-301F-11D3-BF4B-00C04F79EFBC}") = "DictionaryLab", "DictionaryLab\DictionaryLab.csproj", "{50027C7F-E316-4404-9E82-2057D977001B}"
EndProject
Project("{FAE04EC0-301F-11D3-BF4B-00C04F79EFBC}") = "CSharp3NewFeatures", "CSharp3NewFeatures\CSharp3NewFeatures.csproj", "{1C192BBF-AE5A-43DF-A2EA-898350E546A8}"
EndProject
Project("{FAE04EC0-301F-11D3-BF4B-00C04F79EFBC}") = "QueryExpression", "QueryExpression\QueryExpression.csproj", "{A2A791A4-2C40-4609-8AA2-2C8032FE541A}"
EndProject
Project("{FAE04EC0-301F-11D3-BF4B-00C04F79EFBC}") = "LamdaExpression", "LamdaExpression\LamdaExpression.csproj", "{6944C3F2-42A7-48BE-B604-237467A31BC3}"
EndProject
Project("{FAE04EC0-301F-11D3-BF4B-00C04F79EFBC}") = "FileLab", "FileLab\FileLab.csproj", "{4D467A6E-527F-4BEA-9AE4-E06D3204C50E}"
EndProject
Project("{FAE04EC0-301F-11D3-BF4B-00C04F79EFBC}") = "FileSystemWatcherLab", "FileSystemWatcherLab\FileSystemWatcherLab.csproj", "{D46A005E-2883-466B-BF72-D85563CE3FC7}"
EndProject
Project("{FAE04EC0-301F-11D3-BF4B-00C04F79EFBC}") = "FileErrorHandling", "FileErrorHandling\FileErrorHandling.csproj", "{3D230DE1-2BAA-4F8C-9976-F5F527CB8936}"
EndProject
Project("{FAE04EC0-301F-11D3-BF4B-00C04F79EFBC}") = "XmlLab", "XmlLab\XmlLab.csproj", "{6A59C0B5-A2AA-4E2B-ADBA-2D5513F179D4}"
EndProject
Project("{FAE04EC0-301F-11D3-BF4B-00C04F79EFBC}") = "AttributeLab", "AttributeLab\AttributeLab.csproj", "{136C8481-6AB8-43FD-B313-E28ED28077EC}"
EndProject
Project("{FAE04EC0-301F-11D3-BF4B-00C04F79EFBC}") = "SerializationLab", "SerializationLab\SerializationLab.csproj", "{324C5BB2-623E-4776-B429-A65588F4C1B1}"
EndProject
Project("{FAE04EC0-301F-11D3-BF4B-00C04F79EFBC}") = "ReflectionLab", "ReflectionLab\ReflectionLab.csproj", "{CFC505E6-0EF2-40F5-A608-451BACA3140C}"
EndProject
Project("{FAE04EC0-301F-11D3-BF4B-00C04F79EFBC}") = "ThreadLab", "ThreadLab\ThreadLab.csproj", "{A87BE247-3996-4D0A-B8A8-18111086266E}"
EndProject
Project("{FAE04EC0-301F-11D3-BF4B-00C04F79EFBC}") = "TupleLab", "TupleLab\TupleLab.csproj", "{B43BC9E6-B9CF-4AD1-8662-0B80E96F2C63}"
EndProject
Project("{FAE04EC0-301F-11D3-BF4B-00C04F79EFBC}") = "SpecialDelgate", "SpecialDelgate\SpecialDelgate.csproj", "{EA698919-65DC-4DE5-8D20-EE86F06DF626}"
EndProject
Project("{FAE04EC0-301F-11D3-BF4B-00C04F79EFBC}") = "LinkLab", "LinkLab\LinkLab.csproj", "{377D96F3-2DC6-4D6C-93A8-6B1D6C92606A}"
EndProject
Project("{FAE04EC0-301F-11D3-BF4B-00C04F79EFBC}") = "XmlQueryFiles", "XmlQueryFiles\XmlQueryFiles.csproj", "{08507BDE-AB82-4F9F-8A67-DB4BBDB77E36}"
EndProject
Project("{FAE04EC0-301F-11D3-BF4B-00C04F79EFBC}") = "GameOfThrones", "GameOfThrones\GameOfThrones.csproj", "{69257207-DE83-40ED-8289-017D2A2D5FB1}"
EndProject
Project("{FAE04EC0-301F-11D3-BF4B-00C04F79EFBC}") = "EmployeeManagementSystem", "EmployeeManagementSystem\EmployeeManagementSystem.csproj", "{BEA5D333-44AE-43D5-964C-196D7899995E}"
EndProject
Global
	GlobalSection(SolutionConfigurationPlatforms) = preSolution
		Debug|Any CPU = Debug|Any CPU
		Release|Any CPU = Release|Any CPU
	EndGlobalSection
	GlobalSection(ProjectConfigurationPlatforms) = postSolution
		{8CC2F3F8-0994-4712-8235-898AEC2283D6}.Debug|Any CPU.ActiveCfg = Debug|Any CPU
		{8CC2F3F8-0994-4712-8235-898AEC2283D6}.Debug|Any CPU.Build.0 = Debug|Any CPU
		{8CC2F3F8-0994-4712-8235-898AEC2283D6}.Release|Any CPU.ActiveCfg = Release|Any CPU
		{8CC2F3F8-0994-4712-8235-898AEC2283D6}.Release|Any CPU.Build.0 = Release|Any CPU
		{5C2FF422-AE4E-4507-8007-D863EDB81033}.Debug|Any CPU.ActiveCfg = Debug|Any CPU
		{5C2FF422-AE4E-4507-8007-D863EDB81033}.Debug|Any CPU.Build.0 = Debug|Any CPU
		{5C2FF422-AE4E-4507-8007-D863EDB81033}.Release|Any CPU.ActiveCfg = Release|Any CPU
		{5C2FF422-AE4E-4507-8007-D863EDB81033}.Release|Any CPU.Build.0 = Release|Any CPU
		{7208D405-6447-47CE-9346-9A0204004013}.Debug|Any CPU.ActiveCfg = Debug|Any CPU
		{7208D405-6447-47CE-9346-9A0204004013}.Debug|Any CPU.Build.0 = Debug|Any CPU
		{7208D405-6447-47CE-9346-9A0204004013}.Release|Any CPU.ActiveCfg = Release|Any CPU
		{7208D405-6447-47CE-9346-9A0204004013}.Release|Any CPU.Build.0 = Release|Any CPU
		{B01A4176-2734-4486-9EE8-90D7B3A359C2}.Debug|Any CPU.ActiveCfg = Debug|Any CPU
		{B01A4176-2734-4486-9EE8-90D7B3A359C2}.Debug|Any CPU.Build.0 = Debug|Any CPU
		{B01A4176-2734-4486-9EE8-90D7B3A359C2}.Release|Any CPU.ActiveCfg = Release|Any CPU
		{B01A4176-2734-4486-9EE8-90D7B3A359C2}.Release|Any CPU.Build.0 = Release|Any CPU
		{0CD2D89C-B7AF-4E0F-BB09-D92DB03CF1C4}.Debug|Any CPU.ActiveCfg = Debug|Any CPU
		{0CD2D89C-B7AF-4E0F-BB09-D92DB03CF1C4}.Debug|Any CPU.Build.0 = Debug|Any CPU
		{0CD2D89C-B7AF-4E0F-BB09-D92DB03CF1C4}.Release|Any CPU.ActiveCfg = Release|Any CPU
		{0CD2D89C-B7AF-4E0F-BB09-D92DB03CF1C4}.Release|Any CPU.Build.0 = Release|Any CPU
		{0050A0EB-274F-49C7-851B-EE524D4CA7F4}.Debug|Any CPU.ActiveCfg = Debug|Any CPU
		{0050A0EB-274F-49C7-851B-EE524D4CA7F4}.Debug|Any CPU.Build.0 = Debug|Any CPU
		{0050A0EB-274F-49C7-851B-EE524D4CA7F4}.Release|Any CPU.ActiveCfg = Release|Any CPU
		{0050A0EB-274F-49C7-851B-EE524D4CA7F4}.Release|Any CPU.Build.0 = Release|Any CPU
		{7BBB23B5-B2A4-40E1-A5B7-1C77E669157F}.Debug|Any CPU.ActiveCfg = Debug|Any CPU
		{7BBB23B5-B2A4-40E1-A5B7-1C77E669157F}.Debug|Any CPU.Build.0 = Debug|Any CPU
		{7BBB23B5-B2A4-40E1-A5B7-1C77E669157F}.Release|Any CPU.ActiveCfg = Release|Any CPU
		{7BBB23B5-B2A4-40E1-A5B7-1C77E669157F}.Release|Any CPU.Build.0 = Release|Any CPU
		{48B6741B-0A75-4936-89A0-7E814352D791}.Debug|Any CPU.ActiveCfg = Debug|Any CPU
		{48B6741B-0A75-4936-89A0-7E814352D791}.Debug|Any CPU.Build.0 = Debug|Any CPU
		{48B6741B-0A75-4936-89A0-7E814352D791}.Release|Any CPU.ActiveCfg = Release|Any CPU
		{48B6741B-0A75-4936-89A0-7E814352D791}.Release|Any CPU.Build.0 = Release|Any CPU
		{46FAD23E-E5C1-448E-B8B8-5DC57A7263F3}.Debug|Any CPU.ActiveCfg = Debug|Any CPU
		{46FAD23E-E5C1-448E-B8B8-5DC57A7263F3}.Debug|Any CPU.Build.0 = Debug|Any CPU
		{46FAD23E-E5C1-448E-B8B8-5DC57A7263F3}.Release|Any CPU.ActiveCfg = Release|Any CPU
		{46FAD23E-E5C1-448E-B8B8-5DC57A7263F3}.Release|Any CPU.Build.0 = Release|Any CPU
		{A479F9CA-7A19-43A4-9A06-89F7884CF010}.Debug|Any CPU.ActiveCfg = Debug|Any CPU
		{A479F9CA-7A19-43A4-9A06-89F7884CF010}.Debug|Any CPU.Build.0 = Debug|Any CPU
		{A479F9CA-7A19-43A4-9A06-89F7884CF010}.Release|Any CPU.ActiveCfg = Release|Any CPU
		{A479F9CA-7A19-43A4-9A06-89F7884CF010}.Release|Any CPU.Build.0 = Release|Any CPU
		{94DB7220-1A6D-417C-85C6-3EDA38EDC588}.Debug|Any CPU.ActiveCfg = Debug|Any CPU
		{94DB7220-1A6D-417C-85C6-3EDA38EDC588}.Debug|Any CPU.Build.0 = Debug|Any CPU
		{94DB7220-1A6D-417C-85C6-3EDA38EDC588}.Release|Any CPU.ActiveCfg = Release|Any CPU
		{94DB7220-1A6D-417C-85C6-3EDA38EDC588}.Release|Any CPU.Build.0 = Release|Any CPU
		{55CFBD06-1644-4DDF-82FD-55DED6B07597}.Debug|Any CPU.ActiveCfg = Debug|Any CPU
		{55CFBD06-1644-4DDF-82FD-55DED6B07597}.Debug|Any CPU.Build.0 = Debug|Any CPU
		{55CFBD06-1644-4DDF-82FD-55DED6B07597}.Release|Any CPU.ActiveCfg = Release|Any CPU
		{55CFBD06-1644-4DDF-82FD-55DED6B07597}.Release|Any CPU.Build.0 = Release|Any CPU
		{712A2001-7279-46E4-8685-F20CFEB47D11}.Debug|Any CPU.ActiveCfg = Debug|Any CPU
		{712A2001-7279-46E4-8685-F20CFEB47D11}.Debug|Any CPU.Build.0 = Debug|Any CPU
		{712A2001-7279-46E4-8685-F20CFEB47D11}.Release|Any CPU.ActiveCfg = Release|Any CPU
		{712A2001-7279-46E4-8685-F20CFEB47D11}.Release|Any CPU.Build.0 = Release|Any CPU
		{5B16509B-F8C7-47BA-A4A4-6D35B4E7BC9B}.Debug|Any CPU.ActiveCfg = Debug|Any CPU
		{5B16509B-F8C7-47BA-A4A4-6D35B4E7BC9B}.Debug|Any CPU.Build.0 = Debug|Any CPU
		{5B16509B-F8C7-47BA-A4A4-6D35B4E7BC9B}.Release|Any CPU.ActiveCfg = Release|Any CPU
		{5B16509B-F8C7-47BA-A4A4-6D35B4E7BC9B}.Release|Any CPU.Build.0 = Release|Any CPU
		{D2720D5C-74EE-47FC-B5EE-63843A893EDA}.Debug|Any CPU.ActiveCfg = Debug|Any CPU
		{D2720D5C-74EE-47FC-B5EE-63843A893EDA}.Debug|Any CPU.Build.0 = Debug|Any CPU
		{D2720D5C-74EE-47FC-B5EE-63843A893EDA}.Release|Any CPU.ActiveCfg = Release|Any CPU
		{D2720D5C-74EE-47FC-B5EE-63843A893EDA}.Release|Any CPU.Build.0 = Release|Any CPU
		{0E333A37-E799-4206-93C7-DE79D846ACFE}.Debug|Any CPU.ActiveCfg = Debug|Any CPU
		{0E333A37-E799-4206-93C7-DE79D846ACFE}.Debug|Any CPU.Build.0 = Debug|Any CPU
		{0E333A37-E799-4206-93C7-DE79D846ACFE}.Release|Any CPU.ActiveCfg = Release|Any CPU
		{0E333A37-E799-4206-93C7-DE79D846ACFE}.Release|Any CPU.Build.0 = Release|Any CPU
		{5366A399-7DB8-4F08-B3BF-FDECEDCD8A80}.Debug|Any CPU.ActiveCfg = Debug|Any CPU
		{5366A399-7DB8-4F08-B3BF-FDECEDCD8A80}.Debug|Any CPU.Build.0 = Debug|Any CPU
		{5366A399-7DB8-4F08-B3BF-FDECEDCD8A80}.Release|Any CPU.ActiveCfg = Release|Any CPU
		{5366A399-7DB8-4F08-B3BF-FDECEDCD8A80}.Release|Any CPU.Build.0 = Release|Any CPU
		{8F257DA8-3B05-4141-A23D-D4BA9D10D867}.Debug|Any CPU.ActiveCfg = Debug|Any CPU
		{8F257DA8-3B05-4141-A23D-D4BA9D10D867}.Debug|Any CPU.Build.0 = Debug|Any CPU
		{8F257DA8-3B05-4141-A23D-D4BA9D10D867}.Release|Any CPU.ActiveCfg = Release|Any CPU
		{8F257DA8-3B05-4141-A23D-D4BA9D10D867}.Release|Any CPU.Build.0 = Release|Any CPU
		{20327FDB-D6C8-4FEF-80AA-BEDC998CD268}.Debug|Any CPU.ActiveCfg = Debug|Any CPU
		{20327FDB-D6C8-4FEF-80AA-BEDC998CD268}.Debug|Any CPU.Build.0 = Debug|Any CPU
		{20327FDB-D6C8-4FEF-80AA-BEDC998CD268}.Release|Any CPU.ActiveCfg = Release|Any CPU
		{20327FDB-D6C8-4FEF-80AA-BEDC998CD268}.Release|Any CPU.Build.0 = Release|Any CPU
		{A112F93F-4D2C-45F0-9985-8BFF86FC5453}.Debug|Any CPU.ActiveCfg = Debug|Any CPU
		{A112F93F-4D2C-45F0-9985-8BFF86FC5453}.Debug|Any CPU.Build.0 = Debug|Any CPU
		{A112F93F-4D2C-45F0-9985-8BFF86FC5453}.Release|Any CPU.ActiveCfg = Release|Any CPU
		{A112F93F-4D2C-45F0-9985-8BFF86FC5453}.Release|Any CPU.Build.0 = Release|Any CPU
		{0C975B7B-3580-42EA-B140-4C43F5409454}.Debug|Any CPU.ActiveCfg = Debug|Any CPU
		{0C975B7B-3580-42EA-B140-4C43F5409454}.Debug|Any CPU.Build.0 = Debug|Any CPU
		{0C975B7B-3580-42EA-B140-4C43F5409454}.Release|Any CPU.ActiveCfg = Release|Any CPU
		{0C975B7B-3580-42EA-B140-4C43F5409454}.Release|Any CPU.Build.0 = Release|Any CPU
		{05F6728D-9B84-45E5-B2FB-D7842DA0DD20}.Debug|Any CPU.ActiveCfg = Debug|Any CPU
		{05F6728D-9B84-45E5-B2FB-D7842DA0DD20}.Debug|Any CPU.Build.0 = Debug|Any CPU
		{05F6728D-9B84-45E5-B2FB-D7842DA0DD20}.Release|Any CPU.ActiveCfg = Release|Any CPU
		{05F6728D-9B84-45E5-B2FB-D7842DA0DD20}.Release|Any CPU.Build.0 = Release|Any CPU
		{4B65895F-2CE8-4994-BBBB-2C0370E9D6A2}.Debug|Any CPU.ActiveCfg = Debug|Any CPU
		{4B65895F-2CE8-4994-BBBB-2C0370E9D6A2}.Debug|Any CPU.Build.0 = Debug|Any CPU
		{4B65895F-2CE8-4994-BBBB-2C0370E9D6A2}.Release|Any CPU.ActiveCfg = Release|Any CPU
		{4B65895F-2CE8-4994-BBBB-2C0370E9D6A2}.Release|Any CPU.Build.0 = Release|Any CPU
		{D4D3FD4F-D416-421F-AA08-550D024F7B59}.Debug|Any CPU.ActiveCfg = Debug|Any CPU
		{D4D3FD4F-D416-421F-AA08-550D024F7B59}.Debug|Any CPU.Build.0 = Debug|Any CPU
		{D4D3FD4F-D416-421F-AA08-550D024F7B59}.Release|Any CPU.ActiveCfg = Release|Any CPU
		{D4D3FD4F-D416-421F-AA08-550D024F7B59}.Release|Any CPU.Build.0 = Release|Any CPU
		{4F9DE355-5600-481B-A6D6-A1072E5F8B54}.Debug|Any CPU.ActiveCfg = Debug|Any CPU
		{4F9DE355-5600-481B-A6D6-A1072E5F8B54}.Debug|Any CPU.Build.0 = Debug|Any CPU
		{4F9DE355-5600-481B-A6D6-A1072E5F8B54}.Release|Any CPU.ActiveCfg = Release|Any CPU
		{4F9DE355-5600-481B-A6D6-A1072E5F8B54}.Release|Any CPU.Build.0 = Release|Any CPU
		{C33C950D-157B-4F16-80D8-D4582A74BF5B}.Debug|Any CPU.ActiveCfg = Debug|Any CPU
		{C33C950D-157B-4F16-80D8-D4582A74BF5B}.Debug|Any CPU.Build.0 = Debug|Any CPU
		{C33C950D-157B-4F16-80D8-D4582A74BF5B}.Release|Any CPU.ActiveCfg = Release|Any CPU
		{C33C950D-157B-4F16-80D8-D4582A74BF5B}.Release|Any CPU.Build.0 = Release|Any CPU
		{2D7DE0A9-D73B-465E-9457-F40E7F6ABDA4}.Debug|Any CPU.ActiveCfg = Debug|Any CPU
		{2D7DE0A9-D73B-465E-9457-F40E7F6ABDA4}.Debug|Any CPU.Build.0 = Debug|Any CPU
		{2D7DE0A9-D73B-465E-9457-F40E7F6ABDA4}.Release|Any CPU.ActiveCfg = Release|Any CPU
		{2D7DE0A9-D73B-465E-9457-F40E7F6ABDA4}.Release|Any CPU.Build.0 = Release|Any CPU
		{8F706F98-527A-43EA-81EC-CE7ADB31C4AB}.Debug|Any CPU.ActiveCfg = Debug|Any CPU
		{8F706F98-527A-43EA-81EC-CE7ADB31C4AB}.Debug|Any CPU.Build.0 = Debug|Any CPU
		{8F706F98-527A-43EA-81EC-CE7ADB31C4AB}.Release|Any CPU.ActiveCfg = Release|Any CPU
		{8F706F98-527A-43EA-81EC-CE7ADB31C4AB}.Release|Any CPU.Build.0 = Release|Any CPU
		{E1BC6EE5-744D-4AE4-91FF-DB5B2861087F}.Debug|Any CPU.ActiveCfg = Debug|Any CPU
		{E1BC6EE5-744D-4AE4-91FF-DB5B2861087F}.Debug|Any CPU.Build.0 = Debug|Any CPU
		{E1BC6EE5-744D-4AE4-91FF-DB5B2861087F}.Release|Any CPU.ActiveCfg = Release|Any CPU
		{E1BC6EE5-744D-4AE4-91FF-DB5B2861087F}.Release|Any CPU.Build.0 = Release|Any CPU
		{A561B1EA-C14C-40DB-B53C-EE16BA11C68F}.Debug|Any CPU.ActiveCfg = Debug|Any CPU
		{A561B1EA-C14C-40DB-B53C-EE16BA11C68F}.Debug|Any CPU.Build.0 = Debug|Any CPU
		{A561B1EA-C14C-40DB-B53C-EE16BA11C68F}.Release|Any CPU.ActiveCfg = Release|Any CPU
		{A561B1EA-C14C-40DB-B53C-EE16BA11C68F}.Release|Any CPU.Build.0 = Release|Any CPU
		{E03A54D1-11DD-4E9C-8879-0FCFDD4BD6E5}.Debug|Any CPU.ActiveCfg = Debug|Any CPU
		{E03A54D1-11DD-4E9C-8879-0FCFDD4BD6E5}.Debug|Any CPU.Build.0 = Debug|Any CPU
		{E03A54D1-11DD-4E9C-8879-0FCFDD4BD6E5}.Release|Any CPU.ActiveCfg = Release|Any CPU
		{E03A54D1-11DD-4E9C-8879-0FCFDD4BD6E5}.Release|Any CPU.Build.0 = Release|Any CPU
		{12C3846F-9110-4B73-8BB8-6838ED3CCC7B}.Debug|Any CPU.ActiveCfg = Debug|Any CPU
		{12C3846F-9110-4B73-8BB8-6838ED3CCC7B}.Debug|Any CPU.Build.0 = Debug|Any CPU
		{12C3846F-9110-4B73-8BB8-6838ED3CCC7B}.Release|Any CPU.ActiveCfg = Release|Any CPU
		{12C3846F-9110-4B73-8BB8-6838ED3CCC7B}.Release|Any CPU.Build.0 = Release|Any CPU
		{03912C8C-07B0-4C98-8D69-C65BFA4F0DF2}.Debug|Any CPU.ActiveCfg = Debug|Any CPU
		{03912C8C-07B0-4C98-8D69-C65BFA4F0DF2}.Debug|Any CPU.Build.0 = Debug|Any CPU
		{03912C8C-07B0-4C98-8D69-C65BFA4F0DF2}.Release|Any CPU.ActiveCfg = Release|Any CPU
		{03912C8C-07B0-4C98-8D69-C65BFA4F0DF2}.Release|Any CPU.Build.0 = Release|Any CPU
		{50027C7F-E316-4404-9E82-2057D977001B}.Debug|Any CPU.ActiveCfg = Debug|Any CPU
		{50027C7F-E316-4404-9E82-2057D977001B}.Debug|Any CPU.Build.0 = Debug|Any CPU
		{50027C7F-E316-4404-9E82-2057D977001B}.Release|Any CPU.ActiveCfg = Release|Any CPU
		{50027C7F-E316-4404-9E82-2057D977001B}.Release|Any CPU.Build.0 = Release|Any CPU
		{1C192BBF-AE5A-43DF-A2EA-898350E546A8}.Debug|Any CPU.ActiveCfg = Debug|Any CPU
		{1C192BBF-AE5A-43DF-A2EA-898350E546A8}.Debug|Any CPU.Build.0 = Debug|Any CPU
		{1C192BBF-AE5A-43DF-A2EA-898350E546A8}.Release|Any CPU.ActiveCfg = Release|Any CPU
		{1C192BBF-AE5A-43DF-A2EA-898350E546A8}.Release|Any CPU.Build.0 = Release|Any CPU
		{A2A791A4-2C40-4609-8AA2-2C8032FE541A}.Debug|Any CPU.ActiveCfg = Debug|Any CPU
		{A2A791A4-2C40-4609-8AA2-2C8032FE541A}.Debug|Any CPU.Build.0 = Debug|Any CPU
		{A2A791A4-2C40-4609-8AA2-2C8032FE541A}.Release|Any CPU.ActiveCfg = Release|Any CPU
		{A2A791A4-2C40-4609-8AA2-2C8032FE541A}.Release|Any CPU.Build.0 = Release|Any CPU
		{6944C3F2-42A7-48BE-B604-237467A31BC3}.Debug|Any CPU.ActiveCfg = Debug|Any CPU
		{6944C3F2-42A7-48BE-B604-237467A31BC3}.Debug|Any CPU.Build.0 = Debug|Any CPU
		{6944C3F2-42A7-48BE-B604-237467A31BC3}.Release|Any CPU.ActiveCfg = Release|Any CPU
		{6944C3F2-42A7-48BE-B604-237467A31BC3}.Release|Any CPU.Build.0 = Release|Any CPU
		{4D467A6E-527F-4BEA-9AE4-E06D3204C50E}.Debug|Any CPU.ActiveCfg = Debug|Any CPU
		{4D467A6E-527F-4BEA-9AE4-E06D3204C50E}.Debug|Any CPU.Build.0 = Debug|Any CPU
		{4D467A6E-527F-4BEA-9AE4-E06D3204C50E}.Release|Any CPU.ActiveCfg = Release|Any CPU
		{4D467A6E-527F-4BEA-9AE4-E06D3204C50E}.Release|Any CPU.Build.0 = Release|Any CPU
		{D46A005E-2883-466B-BF72-D85563CE3FC7}.Debug|Any CPU.ActiveCfg = Debug|Any CPU
		{D46A005E-2883-466B-BF72-D85563CE3FC7}.Debug|Any CPU.Build.0 = Debug|Any CPU
		{D46A005E-2883-466B-BF72-D85563CE3FC7}.Release|Any CPU.ActiveCfg = Release|Any CPU
		{D46A005E-2883-466B-BF72-D85563CE3FC7}.Release|Any CPU.Build.0 = Release|Any CPU
		{3D230DE1-2BAA-4F8C-9976-F5F527CB8936}.Debug|Any CPU.ActiveCfg = Debug|Any CPU
		{3D230DE1-2BAA-4F8C-9976-F5F527CB8936}.Debug|Any CPU.Build.0 = Debug|Any CPU
		{3D230DE1-2BAA-4F8C-9976-F5F527CB8936}.Release|Any CPU.ActiveCfg = Release|Any CPU
		{3D230DE1-2BAA-4F8C-9976-F5F527CB8936}.Release|Any CPU.Build.0 = Release|Any CPU
		{6A59C0B5-A2AA-4E2B-ADBA-2D5513F179D4}.Debug|Any CPU.ActiveCfg = Debug|Any CPU
		{6A59C0B5-A2AA-4E2B-ADBA-2D5513F179D4}.Debug|Any CPU.Build.0 = Debug|Any CPU
		{6A59C0B5-A2AA-4E2B-ADBA-2D5513F179D4}.Release|Any CPU.ActiveCfg = Release|Any CPU
		{6A59C0B5-A2AA-4E2B-ADBA-2D5513F179D4}.Release|Any CPU.Build.0 = Release|Any CPU
		{136C8481-6AB8-43FD-B313-E28ED28077EC}.Debug|Any CPU.ActiveCfg = Debug|Any CPU
		{136C8481-6AB8-43FD-B313-E28ED28077EC}.Debug|Any CPU.Build.0 = Debug|Any CPU
		{136C8481-6AB8-43FD-B313-E28ED28077EC}.Release|Any CPU.ActiveCfg = Release|Any CPU
		{136C8481-6AB8-43FD-B313-E28ED28077EC}.Release|Any CPU.Build.0 = Release|Any CPU
		{324C5BB2-623E-4776-B429-A65588F4C1B1}.Debug|Any CPU.ActiveCfg = Debug|Any CPU
		{324C5BB2-623E-4776-B429-A65588F4C1B1}.Debug|Any CPU.Build.0 = Debug|Any CPU
		{324C5BB2-623E-4776-B429-A65588F4C1B1}.Release|Any CPU.ActiveCfg = Release|Any CPU
		{324C5BB2-623E-4776-B429-A65588F4C1B1}.Release|Any CPU.Build.0 = Release|Any CPU
		{CFC505E6-0EF2-40F5-A608-451BACA3140C}.Debug|Any CPU.ActiveCfg = Debug|Any CPU
		{CFC505E6-0EF2-40F5-A608-451BACA3140C}.Debug|Any CPU.Build.0 = Debug|Any CPU
		{CFC505E6-0EF2-40F5-A608-451BACA3140C}.Release|Any CPU.ActiveCfg = Release|Any CPU
		{CFC505E6-0EF2-40F5-A608-451BACA3140C}.Release|Any CPU.Build.0 = Release|Any CPU
		{A87BE247-3996-4D0A-B8A8-18111086266E}.Debug|Any CPU.ActiveCfg = Debug|Any CPU
		{A87BE247-3996-4D0A-B8A8-18111086266E}.Debug|Any CPU.Build.0 = Debug|Any CPU
		{A87BE247-3996-4D0A-B8A8-18111086266E}.Release|Any CPU.ActiveCfg = Release|Any CPU
		{A87BE247-3996-4D0A-B8A8-18111086266E}.Release|Any CPU.Build.0 = Release|Any CPU
		{B43BC9E6-B9CF-4AD1-8662-0B80E96F2C63}.Debug|Any CPU.ActiveCfg = Debug|Any CPU
		{B43BC9E6-B9CF-4AD1-8662-0B80E96F2C63}.Debug|Any CPU.Build.0 = Debug|Any CPU
		{B43BC9E6-B9CF-4AD1-8662-0B80E96F2C63}.Release|Any CPU.ActiveCfg = Release|Any CPU
		{B43BC9E6-B9CF-4AD1-8662-0B80E96F2C63}.Release|Any CPU.Build.0 = Release|Any CPU
		{EA698919-65DC-4DE5-8D20-EE86F06DF626}.Debug|Any CPU.ActiveCfg = Debug|Any CPU
		{EA698919-65DC-4DE5-8D20-EE86F06DF626}.Debug|Any CPU.Build.0 = Debug|Any CPU
		{EA698919-65DC-4DE5-8D20-EE86F06DF626}.Release|Any CPU.ActiveCfg = Release|Any CPU
		{EA698919-65DC-4DE5-8D20-EE86F06DF626}.Release|Any CPU.Build.0 = Release|Any CPU
		{377D96F3-2DC6-4D6C-93A8-6B1D6C92606A}.Debug|Any CPU.ActiveCfg = Debug|Any CPU
		{377D96F3-2DC6-4D6C-93A8-6B1D6C92606A}.Debug|Any CPU.Build.0 = Debug|Any CPU
		{377D96F3-2DC6-4D6C-93A8-6B1D6C92606A}.Release|Any CPU.ActiveCfg = Release|Any CPU
		{377D96F3-2DC6-4D6C-93A8-6B1D6C92606A}.Release|Any CPU.Build.0 = Release|Any CPU
		{08507BDE-AB82-4F9F-8A67-DB4BBDB77E36}.Debug|Any CPU.ActiveCfg = Debug|Any CPU
		{08507BDE-AB82-4F9F-8A67-DB4BBDB77E36}.Debug|Any CPU.Build.0 = Debug|Any CPU
		{08507BDE-AB82-4F9F-8A67-DB4BBDB77E36}.Release|Any CPU.ActiveCfg = Release|Any CPU
		{08507BDE-AB82-4F9F-8A67-DB4BBDB77E36}.Release|Any CPU.Build.0 = Release|Any CPU
		{69257207-DE83-40ED-8289-017D2A2D5FB1}.Debug|Any CPU.ActiveCfg = Debug|Any CPU
		{69257207-DE83-40ED-8289-017D2A2D5FB1}.Debug|Any CPU.Build.0 = Debug|Any CPU
		{69257207-DE83-40ED-8289-017D2A2D5FB1}.Release|Any CPU.ActiveCfg = Release|Any CPU
		{69257207-DE83-40ED-8289-017D2A2D5FB1}.Release|Any CPU.Build.0 = Release|Any CPU
		{BEA5D333-44AE-43D5-964C-196D7899995E}.Debug|Any CPU.ActiveCfg = Debug|Any CPU
		{BEA5D333-44AE-43D5-964C-196D7899995E}.Debug|Any CPU.Build.0 = Debug|Any CPU
		{BEA5D333-44AE-43D5-964C-196D7899995E}.Release|Any CPU.ActiveCfg = Release|Any CPU
		{BEA5D333-44AE-43D5-964C-196D7899995E}.Release|Any CPU.Build.0 = Release|Any CPU
	EndGlobalSection
	GlobalSection(SolutionProperties) = preSolution
		HideSolutionNode = FALSE
	EndGlobalSection
	GlobalSection(ExtensibilityGlobals) = postSolution
		SolutionGuid = {A962E750-37C9-45E7-AE88-07B0D46B1FB9}
	EndGlobalSection
EndGlobal
